
Microsoft Visual Studio Solution File, Format Version 12.00
# Visual Studio 15
VisualStudioVersion = 15.0.28010.2003
MinimumVisualStudioVersion = 10.0.40219.1
Project("{FAE04EC0-301F-11D3-BF4B-00C04F79EFBC}") = "Loops", "Loops.csproj", "{D561E737-0AD0-4D09-9DF3-50B542F81DDD}"
EndProject
Global
	GlobalSection(SolutionConfigurationPlatforms) = preSolution
		Debug|Any CPU = Debug|Any CPU
		Release|Any CPU = Release|Any CPU
	EndGlobalSection
	GlobalSection(ProjectConfigurationPlatforms) = postSolution
		{D561E737-0AD0-4D09-9DF3-50B542F81DDD}.Debug|Any CPU.ActiveCfg = Debug|Any CPU
		{D561E737-0AD0-4D09-9DF3-50B542F81DDD}.Debug|Any CPU.Build.0 = Debug|Any CPU
		{D561E737-0AD0-4D09-9DF3-50B542F81DDD}.Release|Any CPU.ActiveCfg = Release|Any CPU
		{D561E737-0AD0-4D09-9DF3-50B542F81DDD}.Release|Any CPU.Build.0 = Release|Any CPU
	EndGlobalSection
	GlobalSection(SolutionProperties) = preSolution
		HideSolutionNode = FALSE
	EndGlobalSection
	GlobalSection(ExtensibilityGlobals) = postSolution
		SolutionGuid = {2E558FE0-39E5-42B5-A167-C8FAB41C7A23}
	EndGlobalSection
EndGlobal
